
Microsoft Visual Studio Solution File, Format Version 12.00
# Visual Studio Version 16
VisualStudioVersion = 16.0.32413.511
MinimumVisualStudioVersion = 10.0.40219.1
Project("{9A19103F-16F7-4668-BE54-9A1E7A4F7556}") = "MAPWEBAPP", "MAPWEBAPP.csproj", "{8E89D32D-000C-4D0D-8F2B-7F6D1ED1372C}"
EndProject
Global
	GlobalSection(SolutionConfigurationPlatforms) = preSolution
		Debug|Any CPU = Debug|Any CPU
		Release|Any CPU = Release|Any CPU
	EndGlobalSection
	GlobalSection(ProjectConfigurationPlatforms) = postSolution
		{8E89D32D-000C-4D0D-8F2B-7F6D1ED1372C}.Debug|Any CPU.ActiveCfg = Debug|Any CPU
		{8E89D32D-000C-4D0D-8F2B-7F6D1ED1372C}.Debug|Any CPU.Build.0 = Debug|Any CPU
		{8E89D32D-000C-4D0D-8F2B-7F6D1ED1372C}.Release|Any CPU.ActiveCfg = Release|Any CPU
		{8E89D32D-000C-4D0D-8F2B-7F6D1ED1372C}.Release|Any CPU.Build.0 = Release|Any CPU
	EndGlobalSection
	GlobalSection(SolutionProperties) = preSolution
		HideSolutionNode = FALSE
	EndGlobalSection
	GlobalSection(ExtensibilityGlobals) = postSolution
		SolutionGuid = {F56AF372-C1F9-48B8-846C-8028E58F9101}
	EndGlobalSection
EndGlobal
